{
  "name": "examnesarbete",
  "version": "1.0.0",
  "lockfileVersion": 3,
  "requires": true,
  "packages": {
    "": {
      "name": "examnesarbete",
      "version": "1.0.0",
      "license": "ISC",
      "dependencies": {
        "@simplewebauthn/browser": "^7.2.0"
      }
    },
    "node_modules/@simplewebauthn/browser": {
      "version": "7.2.0",
      "resolved": "https://registry.npmjs.org/@simplewebauthn/browser/-/browser-7.2.0.tgz",
      "integrity": "sha512-HHIvRPpqKy0UV/BsGAmx4rQRZuZTUFYLLH65FwpSOslqHruiHx3Ql/bq7A75bjWuJ296a+4BIAq3+SPaII01TQ==",
      "dependencies": {
        "@simplewebauthn/typescript-types": "*"
      }
    },
    "node_modules/@simplewebauthn/typescript-types": {
      "version": "7.0.0",
      "resolved": "https://registry.npmjs.org/@simplewebauthn/typescript-types/-/typescript-types-7.0.0.tgz",
      "integrity": "sha512-bV+xACCFTsrLR/23ozHO06ZllHZaxC8LlI5YCo79GvU2BrN+rePDU2yXwZIYndNWcMQwRdndRdAhpafOh9AC/g=="
    }
  }
}
